PODS:
  - FlutterMacOS (1.0.0)
  - null_message (0.0.1):
    - FlutterMacOS

DEPENDENCIES:
  - FlutterMacOS (from `Flutter/ephemeral`)
  - null_message (from `Flutter/ephemeral/.symlinks/plugins/null_message/macos`)

EXTERNAL SOURCES:
  FlutterMacOS:
    :path: Flutter/ephemeral
  null_message:
    :path: Flutter/ephemeral/.symlinks/plugins/null_message/macos

SPEC CHECKSUMS:
  FlutterMacOS: 57701585bf7de1b3fc2bb61f6378d73bbdea8424
  null_message: 5b136b77aaf09ac6d9348ab93181cf99bf086381

PODFILE CHECKSUM: 6eac6b3292e5142cfc23bdeb71848a40ec51c14c

COCOAPODS: 1.10.1
